
Microsoft Visual Studio Solution File, Format Version 12.00
# Visual Studio 15
VisualStudioVersion = 15.0.27428.2037
MinimumVisualStudioVersion = 10.0.40219.1
Project("{FAE04EC0-301F-11D3-BF4B-00C04F79EFBC}") = "ArvausPeliCA", "ArvausPeliCA\ArvausPeliCA.csproj", "{005135D9-61ED-457B-B306-07FF80406BBE}"
EndProject
Global
	GlobalSection(SolutionConfigurationPlatforms) = preSolution
		Debug|Any CPU = Debug|Any CPU
		Release|Any CPU = Release|Any CPU
	EndGlobalSection
	GlobalSection(ProjectConfigurationPlatforms) = postSolution
		{005135D9-61ED-457B-B306-07FF80406BBE}.Debug|Any CPU.ActiveCfg = Debug|Any CPU
		{005135D9-61ED-457B-B306-07FF80406BBE}.Debug|Any CPU.Build.0 = Debug|Any CPU
		{005135D9-61ED-457B-B306-07FF80406BBE}.Release|Any CPU.ActiveCfg = Release|Any CPU
		{005135D9-61ED-457B-B306-07FF80406BBE}.Release|Any CPU.Build.0 = Release|Any CPU
	EndGlobalSection
	GlobalSection(SolutionProperties) = preSolution
		HideSolutionNode = FALSE
	EndGlobalSection
	GlobalSection(ExtensibilityGlobals) = postSolution
		SolutionGuid = {A10F266D-F0FA-47AD-92CF-C295A87A5C6B}
	EndGlobalSection
EndGlobal
